
Microsoft Visual Studio Solution File, Format Version 12.00
# Visual Studio Version 17
VisualStudioVersion = 17.4.33110.190
MinimumVisualStudioVersion = 10.0.40219.1
Project("{00D1A9C2-B5F0-4AF3-8072-F6C62B433612}") = "SQLFundamentals", "SQLFundamentals.sqlproj", "{5FBB9E8E-BA27-4FDD-BA75-AAEF653307F5}"
EndProject
Global
	GlobalSection(SolutionConfigurationPlatforms) = preSolution
		Debug|Any CPU = Debug|Any CPU
		Release|Any CPU = Release|Any CPU
	EndGlobalSection
	GlobalSection(ProjectConfigurationPlatforms) = postSolution
		{5FBB9E8E-BA27-4FDD-BA75-AAEF653307F5}.Debug|Any CPU.ActiveCfg = Debug|Any CPU
		{5FBB9E8E-BA27-4FDD-BA75-AAEF653307F5}.Debug|Any CPU.Build.0 = Debug|Any CPU
		{5FBB9E8E-BA27-4FDD-BA75-AAEF653307F5}.Debug|Any CPU.Deploy.0 = Debug|Any CPU
		{5FBB9E8E-BA27-4FDD-BA75-AAEF653307F5}.Release|Any CPU.ActiveCfg = Release|Any CPU
		{5FBB9E8E-BA27-4FDD-BA75-AAEF653307F5}.Release|Any CPU.Build.0 = Release|Any CPU
		{5FBB9E8E-BA27-4FDD-BA75-AAEF653307F5}.Release|Any CPU.Deploy.0 = Release|Any CPU
	EndGlobalSection
	GlobalSection(SolutionProperties) = preSolution
		HideSolutionNode = FALSE
	EndGlobalSection
	GlobalSection(ExtensibilityGlobals) = postSolution
		SolutionGuid = {ADBF5721-C9FD-4A67-94C2-E65323DA4F9D}
	EndGlobalSection
EndGlobal
