
Microsoft Visual Studio Solution File, Format Version 12.00
# Visual Studio Version 16
VisualStudioVersion = 16.0.32901.82
MinimumVisualStudioVersion = 10.0.40219.1
Project("{FAE04EC0-301F-11D3-BF4B-00C04F79EFBC}") = "HelloLibrary", "..\Library\HelloLibrary.csproj", "{85DFF666-504B-42B6-9060-B62EFA4518BF}"
EndProject
Global
	GlobalSection(SolutionConfigurationPlatforms) = preSolution
		Debug|Any CPU = Debug|Any CPU
		Release|Any CPU = Release|Any CPU
	EndGlobalSection
	GlobalSection(ProjectConfigurationPlatforms) = postSolution
		{85DFF666-504B-42B6-9060-B62EFA4518BF}.Debug|Any CPU.ActiveCfg = Debug|Any CPU
		{85DFF666-504B-42B6-9060-B62EFA4518BF}.Debug|Any CPU.Build.0 = Debug|Any CPU
		{85DFF666-504B-42B6-9060-B62EFA4518BF}.Release|Any CPU.ActiveCfg = Release|Any CPU
		{85DFF666-504B-42B6-9060-B62EFA4518BF}.Release|Any CPU.Build.0 = Release|Any CPU
	EndGlobalSection
	GlobalSection(SolutionProperties) = preSolution
		HideSolutionNode = FALSE
	EndGlobalSection
	GlobalSection(ExtensibilityGlobals) = postSolution
		SolutionGuid = {A4C7FE83-210C-42A8-8C93-99935ACB0EC7}
	EndGlobalSection
EndGlobal
